NeoBundleLock VimClojure 1166dc73d47b75f528824ce8f4e0976194bc3bef
NeoBundleLock emmet-vim 1166dc73d47b75f528824ce8f4e0976194bc3bef
NeoBundleLock grep.vim 852ddb0c6590bbc41c508d7f5d2fc17112492def
NeoBundleLock html5.vim 1166dc73d47b75f528824ce8f4e0976194bc3bef
NeoBundleLock lightline.vim 4b1dea2efc7d1b546af5e6ddbe804c45d4296ea5
NeoBundleLock neobundle.vim 108ce2c80e0af6898f967f4df7ff189368351ff6
NeoBundleLock neocomplcache 1166dc73d47b75f528824ce8f4e0976194bc3bef
NeoBundleLock neocomplete.vim d1cb4c57e5eb8b453b63432dcbcb45a15c0fd07e
NeoBundleLock neosnippet 1166dc73d47b75f528824ce8f4e0976194bc3bef
NeoBundleLock neosnippet-snippets 1166dc73d47b75f528824ce8f4e0976194bc3bef
NeoBundleLock nerdtree bcf3de4fdffae45fc7c85b6b84a01b37177924aa
NeoBundleLock nyan-modoki.vim 383c58321508bb486a063a24153da9359281a544
NeoBundleLock open-browser.vim 1166dc73d47b75f528824ce8f4e0976194bc3bef
NeoBundleLock ruby-matchit 1166dc73d47b75f528824ce8f4e0976194bc3bef
NeoBundleLock scss-syntax.vim 1166dc73d47b75f528824ce8f4e0976194bc3bef
NeoBundleLock typescript-vim a9c533386776d831f8098e66f2d0b43dfd42b06b
NeoBundleLock unite-rails 1166dc73d47b75f528824ce8f4e0976194bc3bef
NeoBundleLock unite.vim 1166dc73d47b75f528824ce8f4e0976194bc3bef
NeoBundleLock vim-autoclose a9a3b7384657bc1f60a963fd6c08c63fc48d61c3
NeoBundleLock vim-css3-syntax 1166dc73d47b75f528824ce8f4e0976194bc3bef
NeoBundleLock vim-endwise 1166dc73d47b75f528824ce8f4e0976194bc3bef
NeoBundleLock vim-html5validator 1166dc73d47b75f528824ce8f4e0976194bc3bef
NeoBundleLock vim-indent-guides 4895e860258cd24c975255ef459af4b956107557
NeoBundleLock vim-javascript 1d8c2677d26d6b3950b90dc1636e63334c8efc3b
NeoBundleLock vim-javascript-syntax e7b2c327d4e7311097e7cd68f0e54f65e3a7be1a
NeoBundleLock vim-markdown 1166dc73d47b75f528824ce8f4e0976194bc3bef
NeoBundleLock vim-multiple-cursors 1166dc73d47b75f528824ce8f4e0976194bc3bef
NeoBundleLock vim-quickrun 1166dc73d47b75f528824ce8f4e0976194bc3bef
NeoBundleLock vim-rails 1166dc73d47b75f528824ce8f4e0976194bc3bef
NeoBundleLock vimdoc-ja 9f3e19cb6152af985e90241178559e6ac11cfc07
NeoBundleLock vimproc 0555aecded8737435747e903efc4b6f3241cc62c
NeoBundleLock vimshell 1166dc73d47b75f528824ce8f4e0976194bc3bef
